
Microsoft Visual Studio Solution File, Format Version 12.00
# Visual Studio Version 17
VisualStudioVersion = 17.11.35208.52
MinimumVisualStudioVersion = 10.0.40219.1
Project("{FAE04EC0-301F-11D3-BF4B-00C04F79EFBC}") = "SinavHesaplamaUygulamasi", "SinavHesaplamaUygulamasi\SinavHesaplamaUygulamasi.csproj", "{BDEA6151-5EDB-4DD0-A1C4-69E0CBC96555}"
EndProject
Global
	GlobalSection(SolutionConfigurationPlatforms) = preSolution
		Debug|Any CPU = Debug|Any CPU
		Release|Any CPU = Release|Any CPU
	EndGlobalSection
	GlobalSection(ProjectConfigurationPlatforms) = postSolution
		{BDEA6151-5EDB-4DD0-A1C4-69E0CBC96555}.Debug|Any CPU.ActiveCfg = Debug|Any CPU
		{BDEA6151-5EDB-4DD0-A1C4-69E0CBC96555}.Debug|Any CPU.Build.0 = Debug|Any CPU
		{BDEA6151-5EDB-4DD0-A1C4-69E0CBC96555}.Release|Any CPU.ActiveCfg = Release|Any CPU
		{BDEA6151-5EDB-4DD0-A1C4-69E0CBC96555}.Release|Any CPU.Build.0 = Release|Any CPU
	EndGlobalSection
	GlobalSection(SolutionProperties) = preSolution
		HideSolutionNode = FALSE
	EndGlobalSection
	GlobalSection(ExtensibilityGlobals) = postSolution
		SolutionGuid = {5627A15F-EDB6-490A-97D2-07FC10818CD2}
	EndGlobalSection
EndGlobal
